
Microsoft Visual Studio Solution File, Format Version 12.00
# Visual Studio Version 16
VisualStudioVersion = 16.0.29503.13
MinimumVisualStudioVersion = 10.0.40219.1
Project("{9A19103F-16F7-4668-BE54-9A1E7A4F7556}") = "MasterDemo", "MasterDemo\MasterDemo.csproj", "{01FDC75D-0787-42CB-B466-DFFCC34198EB}"
EndProject
Project("{2150E333-8FDC-42A3-9474-1A3956D46DE8}") = "Modules", "Modules", "{99070A48-A8CF-467A-8FBE-D66CE6F6A7B1}"
EndProject
Project("{FAE04EC0-301F-11D3-BF4B-00C04F79EFBC}") = "ModuleA", "ModuleA\ModuleA.csproj", "{309C1EE1-EA98-491E-A409-734A6DA23C87}"
EndProject
Project("{FAE04EC0-301F-11D3-BF4B-00C04F79EFBC}") = "ModuleB", "ModuleB\ModuleB.csproj", "{D35014EA-9991-4C18-94DA-5F8ED092EBA2}"
EndProject
Project("{FAE04EC0-301F-11D3-BF4B-00C04F79EFBC}") = "ModuleC", "ModuleC\ModuleC.csproj", "{4114F61A-2042-440E-A7F6-44F136B7CE92}"
EndProject
Project("{FAE04EC0-301F-11D3-BF4B-00C04F79EFBC}") = "ModuleD", "ModuleD\ModuleD.csproj", "{BFED935B-74D8-423A-AE79-2C373F673E6D}"
EndProject
Project("{9A19103F-16F7-4668-BE54-9A1E7A4F7556}") = "ModuleE", "ModuleE\ModuleE.csproj", "{7A785945-35B7-4E28-B883-97586A49591C}"
EndProject
Project("{9A19103F-16F7-4668-BE54-9A1E7A4F7556}") = "ModuleF", "ModuleF\ModuleF.csproj", "{6E8BAE69-1DBC-4E2C-99D4-BFB602FD92B2}"
EndProject
Project("{9A19103F-16F7-4668-BE54-9A1E7A4F7556}") = "L.Wpf.Toolkit", "L.Wpf.Toolkit\L.Wpf.Toolkit.csproj", "{DBC0C9AD-2FA0-4EA2-813F-999558CCF3B8}"
EndProject
Project("{9A19103F-16F7-4668-BE54-9A1E7A4F7556}") = "L.EF.Wpf.Toolkit", "L.EF.Wpf.Toolkit\L.EF.Wpf.Toolkit.csproj", "{A96717B0-6F51-49A1-99CB-1D315CF2B400}"
EndProject
Project("{9A19103F-16F7-4668-BE54-9A1E7A4F7556}") = "L.Toolkits", "L.Toolkits\L.Toolkits.csproj", "{F09277B3-2ECE-42C5-9674-85306D7AEE81}"
EndProject
Project("{2150E333-8FDC-42A3-9474-1A3956D46DE8}") = "Toolkits", "Toolkits", "{F053F997-7A91-41CC-908B-5337A6BF2699}"
EndProject
Project("{9A19103F-16F7-4668-BE54-9A1E7A4F7556}") = "L.EF.Toolkit", "L.EF.Toolkit\L.EF.Toolkit.csproj", "{8546E7EC-6AD0-4F69-B86E-36822C09CD78}"
EndProject
Project("{9A19103F-16F7-4668-BE54-9A1E7A4F7556}") = "L.Prism.Wpf.Toolkit", "L.Prism.Wpf.Toolkit\L.Prism.Wpf.Toolkit.csproj", "{53542008-A112-4631-A7C2-3548BFB30D30}"
EndProject
Project("{9A19103F-16F7-4668-BE54-9A1E7A4F7556}") = "L.Netty.Toolkit", "L.Netty.Toolkit\L.Netty.Toolkit.csproj", "{0460F832-2B9A-4E20-B53D-13626645D566}"
EndProject
Project("{9A19103F-16F7-4668-BE54-9A1E7A4F7556}") = "L.OPC.Toolkit", "L.OPC.Toolkit\L.OPC.Toolkit.csproj", "{72FB7242-B199-49C8-99D9-18ADAEA29F1F}"
EndProject
Project("{9A19103F-16F7-4668-BE54-9A1E7A4F7556}") = "L.CAD.ToolKit", "L.CAD.ToolKit\L.CAD.ToolKit.csproj", "{1369428F-FEEF-461B-8A64-0419A07B3E87}"
EndProject
Project("{9A19103F-16F7-4668-BE54-9A1E7A4F7556}") = "L.Codesoft.Toolkit", "L.Codesoft.Toolkit\L.Codesoft.Toolkit.csproj", "{2F722BAE-4463-47C5-9835-E86A23F652D7}"
EndProject
Project("{2150E333-8FDC-42A3-9474-1A3956D46DE8}") = "Industrial Software Toolkits", "Industrial Software Toolkits", "{3F15A8B8-41BA-408F-BDD8-546F9D639E58}"
EndProject
Project("{9A19103F-16F7-4668-BE54-9A1E7A4F7556}") = "L.SerialPort.Tookit", "L.SerialPort.Tookit\L.SerialPort.Tookit.csproj", "{A1175175-ADE4-4222-92F5-284FAC464DC5}"
EndProject
Project("{9A19103F-16F7-4668-BE54-9A1E7A4F7556}") = "L.Resources", "L.Resources\L.Resources.csproj", "{86F315BE-B674-4AF6-85F7-8E48DACBC900}"
EndProject
Project("{FAE04EC0-301F-11D3-BF4B-00C04F79EFBC}") = "L.SygoleReader.Toolkit", "L.SygoleReader.Toolkit\L.SygoleReader.Toolkit.csproj", "{71D72B1F-90F1-484D-9654-0E9EF2C8B16F}"
EndProject
Global
	GlobalSection(SolutionConfigurationPlatforms) = preSolution
		Debug|Any CPU = Debug|Any CPU
		Release|Any CPU = Release|Any CPU
	EndGlobalSection
	GlobalSection(ProjectConfigurationPlatforms) = postSolution
		{01FDC75D-0787-42CB-B466-DFFCC34198EB}.Debug|Any CPU.ActiveCfg = Debug|Any CPU
		{01FDC75D-0787-42CB-B466-DFFCC34198EB}.Debug|Any CPU.Build.0 = Debug|Any CPU
		{01FDC75D-0787-42CB-B466-DFFCC34198EB}.Release|Any CPU.ActiveCfg = Release|Any CPU
		{01FDC75D-0787-42CB-B466-DFFCC34198EB}.Release|Any CPU.Build.0 = Release|Any CPU
		{309C1EE1-EA98-491E-A409-734A6DA23C87}.Debug|Any CPU.ActiveCfg = Debug|Any CPU
		{309C1EE1-EA98-491E-A409-734A6DA23C87}.Debug|Any CPU.Build.0 = Debug|Any CPU
		{309C1EE1-EA98-491E-A409-734A6DA23C87}.Release|Any CPU.ActiveCfg = Release|Any CPU
		{309C1EE1-EA98-491E-A409-734A6DA23C87}.Release|Any CPU.Build.0 = Release|Any CPU
		{D35014EA-9991-4C18-94DA-5F8ED092EBA2}.Debug|Any CPU.ActiveCfg = Debug|Any CPU
		{D35014EA-9991-4C18-94DA-5F8ED092EBA2}.Debug|Any CPU.Build.0 = Debug|Any CPU
		{D35014EA-9991-4C18-94DA-5F8ED092EBA2}.Release|Any CPU.ActiveCfg = Release|Any CPU
		{D35014EA-9991-4C18-94DA-5F8ED092EBA2}.Release|Any CPU.Build.0 = Release|Any CPU
		{4114F61A-2042-440E-A7F6-44F136B7CE92}.Debug|Any CPU.ActiveCfg = Debug|Any CPU
		{4114F61A-2042-440E-A7F6-44F136B7CE92}.Debug|Any CPU.Build.0 = Debug|Any CPU
		{4114F61A-2042-440E-A7F6-44F136B7CE92}.Release|Any CPU.ActiveCfg = Release|Any CPU
		{4114F61A-2042-440E-A7F6-44F136B7CE92}.Release|Any CPU.Build.0 = Release|Any CPU
		{BFED935B-74D8-423A-AE79-2C373F673E6D}.Debug|Any CPU.ActiveCfg = Debug|Any CPU
		{BFED935B-74D8-423A-AE79-2C373F673E6D}.Debug|Any CPU.Build.0 = Debug|Any CPU
		{BFED935B-74D8-423A-AE79-2C373F673E6D}.Release|Any CPU.ActiveCfg = Release|Any CPU
		{BFED935B-74D8-423A-AE79-2C373F673E6D}.Release|Any CPU.Build.0 = Release|Any CPU
		{7A785945-35B7-4E28-B883-97586A49591C}.Debug|Any CPU.ActiveCfg = Debug|Any CPU
		{7A785945-35B7-4E28-B883-97586A49591C}.Debug|Any CPU.Build.0 = Debug|Any CPU
		{7A785945-35B7-4E28-B883-97586A49591C}.Release|Any CPU.ActiveCfg = Release|Any CPU
		{7A785945-35B7-4E28-B883-97586A49591C}.Release|Any CPU.Build.0 = Release|Any CPU
		{6E8BAE69-1DBC-4E2C-99D4-BFB602FD92B2}.Debug|Any CPU.ActiveCfg = Debug|Any CPU
		{6E8BAE69-1DBC-4E2C-99D4-BFB602FD92B2}.Debug|Any CPU.Build.0 = Debug|Any CPU
		{6E8BAE69-1DBC-4E2C-99D4-BFB602FD92B2}.Release|Any CPU.ActiveCfg = Release|Any CPU
		{6E8BAE69-1DBC-4E2C-99D4-BFB602FD92B2}.Release|Any CPU.Build.0 = Release|Any CPU
		{DBC0C9AD-2FA0-4EA2-813F-999558CCF3B8}.Debug|Any CPU.ActiveCfg = Debug|Any CPU
		{DBC0C9AD-2FA0-4EA2-813F-999558CCF3B8}.Debug|Any CPU.Build.0 = Debug|Any CPU
		{DBC0C9AD-2FA0-4EA2-813F-999558CCF3B8}.Release|Any CPU.ActiveCfg = Release|Any CPU
		{DBC0C9AD-2FA0-4EA2-813F-999558CCF3B8}.Release|Any CPU.Build.0 = Release|Any CPU
		{A96717B0-6F51-49A1-99CB-1D315CF2B400}.Debug|Any CPU.ActiveCfg = Debug|Any CPU
		{A96717B0-6F51-49A1-99CB-1D315CF2B400}.Debug|Any CPU.Build.0 = Debug|Any CPU
		{A96717B0-6F51-49A1-99CB-1D315CF2B400}.Release|Any CPU.ActiveCfg = Release|Any CPU
		{A96717B0-6F51-49A1-99CB-1D315CF2B400}.Release|Any CPU.Build.0 = Release|Any CPU
		{F09277B3-2ECE-42C5-9674-85306D7AEE81}.Debug|Any CPU.ActiveCfg = Debug|Any CPU
		{F09277B3-2ECE-42C5-9674-85306D7AEE81}.Debug|Any CPU.Build.0 = Debug|Any CPU
		{F09277B3-2ECE-42C5-9674-85306D7AEE81}.Release|Any CPU.ActiveCfg = Release|Any CPU
		{F09277B3-2ECE-42C5-9674-85306D7AEE81}.Release|Any CPU.Build.0 = Release|Any CPU
		{8546E7EC-6AD0-4F69-B86E-36822C09CD78}.Debug|Any CPU.ActiveCfg = Debug|Any CPU
		{8546E7EC-6AD0-4F69-B86E-36822C09CD78}.Debug|Any CPU.Build.0 = Debug|Any CPU
		{8546E7EC-6AD0-4F69-B86E-36822C09CD78}.Release|Any CPU.ActiveCfg = Release|Any CPU
		{8546E7EC-6AD0-4F69-B86E-36822C09CD78}.Release|Any CPU.Build.0 = Release|Any CPU
		{53542008-A112-4631-A7C2-3548BFB30D30}.Debug|Any CPU.ActiveCfg = Debug|Any CPU
		{53542008-A112-4631-A7C2-3548BFB30D30}.Debug|Any CPU.Build.0 = Debug|Any CPU
		{53542008-A112-4631-A7C2-3548BFB30D30}.Release|Any CPU.ActiveCfg = Release|Any CPU
		{53542008-A112-4631-A7C2-3548BFB30D30}.Release|Any CPU.Build.0 = Release|Any CPU
		{0460F832-2B9A-4E20-B53D-13626645D566}.Debug|Any CPU.ActiveCfg = Debug|Any CPU
		{0460F832-2B9A-4E20-B53D-13626645D566}.Debug|Any CPU.Build.0 = Debug|Any CPU
		{0460F832-2B9A-4E20-B53D-13626645D566}.Release|Any CPU.ActiveCfg = Release|Any CPU
		{0460F832-2B9A-4E20-B53D-13626645D566}.Release|Any CPU.Build.0 = Release|Any CPU
		{72FB7242-B199-49C8-99D9-18ADAEA29F1F}.Debug|Any CPU.ActiveCfg = Debug|Any CPU
		{72FB7242-B199-49C8-99D9-18ADAEA29F1F}.Debug|Any CPU.Build.0 = Debug|Any CPU
		{72FB7242-B199-49C8-99D9-18ADAEA29F1F}.Release|Any CPU.ActiveCfg = Release|Any CPU
		{72FB7242-B199-49C8-99D9-18ADAEA29F1F}.Release|Any CPU.Build.0 = Release|Any CPU
		{1369428F-FEEF-461B-8A64-0419A07B3E87}.Debug|Any CPU.ActiveCfg = Debug|Any CPU
		{1369428F-FEEF-461B-8A64-0419A07B3E87}.Debug|Any CPU.Build.0 = Debug|Any CPU
		{1369428F-FEEF-461B-8A64-0419A07B3E87}.Release|Any CPU.ActiveCfg = Release|Any CPU
		{1369428F-FEEF-461B-8A64-0419A07B3E87}.Release|Any CPU.Build.0 = Release|Any CPU
		{2F722BAE-4463-47C5-9835-E86A23F652D7}.Debug|Any CPU.ActiveCfg = Debug|Any CPU
		{2F722BAE-4463-47C5-9835-E86A23F652D7}.Debug|Any CPU.Build.0 = Debug|Any CPU
		{2F722BAE-4463-47C5-9835-E86A23F652D7}.Release|Any CPU.ActiveCfg = Release|Any CPU
		{2F722BAE-4463-47C5-9835-E86A23F652D7}.Release|Any CPU.Build.0 = Release|Any CPU
		{A1175175-ADE4-4222-92F5-284FAC464DC5}.Debug|Any CPU.ActiveCfg = Debug|Any CPU
		{A1175175-ADE4-4222-92F5-284FAC464DC5}.Debug|Any CPU.Build.0 = Debug|Any CPU
		{A1175175-ADE4-4222-92F5-284FAC464DC5}.Release|Any CPU.ActiveCfg = Release|Any CPU
		{A1175175-ADE4-4222-92F5-284FAC464DC5}.Release|Any CPU.Build.0 = Release|Any CPU
		{86F315BE-B674-4AF6-85F7-8E48DACBC900}.Debug|Any CPU.ActiveCfg = Debug|Any CPU
		{86F315BE-B674-4AF6-85F7-8E48DACBC900}.Debug|Any CPU.Build.0 = Debug|Any CPU
		{86F315BE-B674-4AF6-85F7-8E48DACBC900}.Release|Any CPU.ActiveCfg = Release|Any CPU
		{86F315BE-B674-4AF6-85F7-8E48DACBC900}.Release|Any CPU.Build.0 = Release|Any CPU
		{71D72B1F-90F1-484D-9654-0E9EF2C8B16F}.Debug|Any CPU.ActiveCfg = Debug|Any CPU
		{71D72B1F-90F1-484D-9654-0E9EF2C8B16F}.Debug|Any CPU.Build.0 = Debug|Any CPU
		{71D72B1F-90F1-484D-9654-0E9EF2C8B16F}.Release|Any CPU.ActiveCfg = Release|Any CPU
		{71D72B1F-90F1-484D-9654-0E9EF2C8B16F}.Release|Any CPU.Build.0 = Release|Any CPU
	EndGlobalSection
	GlobalSection(SolutionProperties) = preSolution
		HideSolutionNode = FALSE
	EndGlobalSection
	GlobalSection(NestedProjects) = preSolution
		{309C1EE1-EA98-491E-A409-734A6DA23C87} = {99070A48-A8CF-467A-8FBE-D66CE6F6A7B1}
		{D35014EA-9991-4C18-94DA-5F8ED092EBA2} = {99070A48-A8CF-467A-8FBE-D66CE6F6A7B1}
		{4114F61A-2042-440E-A7F6-44F136B7CE92} = {99070A48-A8CF-467A-8FBE-D66CE6F6A7B1}
		{BFED935B-74D8-423A-AE79-2C373F673E6D} = {99070A48-A8CF-467A-8FBE-D66CE6F6A7B1}
		{7A785945-35B7-4E28-B883-97586A49591C} = {99070A48-A8CF-467A-8FBE-D66CE6F6A7B1}
		{6E8BAE69-1DBC-4E2C-99D4-BFB602FD92B2} = {99070A48-A8CF-467A-8FBE-D66CE6F6A7B1}
		{DBC0C9AD-2FA0-4EA2-813F-999558CCF3B8} = {F053F997-7A91-41CC-908B-5337A6BF2699}
		{A96717B0-6F51-49A1-99CB-1D315CF2B400} = {F053F997-7A91-41CC-908B-5337A6BF2699}
		{8546E7EC-6AD0-4F69-B86E-36822C09CD78} = {F053F997-7A91-41CC-908B-5337A6BF2699}
		{53542008-A112-4631-A7C2-3548BFB30D30} = {F053F997-7A91-41CC-908B-5337A6BF2699}
		{0460F832-2B9A-4E20-B53D-13626645D566} = {F053F997-7A91-41CC-908B-5337A6BF2699}
		{72FB7242-B199-49C8-99D9-18ADAEA29F1F} = {3F15A8B8-41BA-408F-BDD8-546F9D639E58}
		{1369428F-FEEF-461B-8A64-0419A07B3E87} = {3F15A8B8-41BA-408F-BDD8-546F9D639E58}
		{2F722BAE-4463-47C5-9835-E86A23F652D7} = {3F15A8B8-41BA-408F-BDD8-546F9D639E58}
		{3F15A8B8-41BA-408F-BDD8-546F9D639E58} = {F053F997-7A91-41CC-908B-5337A6BF2699}
		{A1175175-ADE4-4222-92F5-284FAC464DC5} = {3F15A8B8-41BA-408F-BDD8-546F9D639E58}
		{86F315BE-B674-4AF6-85F7-8E48DACBC900} = {F053F997-7A91-41CC-908B-5337A6BF2699}
		{71D72B1F-90F1-484D-9654-0E9EF2C8B16F} = {3F15A8B8-41BA-408F-BDD8-546F9D639E58}
	EndGlobalSection
	GlobalSection(ExtensibilityGlobals) = postSolution
		SolutionGuid = {FFFC8C11-944A-45EC-93D5-29C40A886A34}
	EndGlobalSection
EndGlobal
